Microsoft Visual Studio Solution File, Format Version 12.00
# Visual Studio 11
Project("{8BC9CEB8-8B4A-11D0-8D11-00A0C91BC942}") = "DS_SERVER", "DS_SERVER.vcxproj", "{DBD6A712-8274-4719-8CE6-1D92C2CF4F2C}"
EndProject
Global
	GlobalSection(SolutionConfigurationPlatforms) = preSolution
		Debug|Win32 = Debug|Win32
		R_ACCLAIM|Win32 = R_ACCLAIM|Win32
		R_METEL|Win32 = R_METEL|Win32
		R_NEXON|Win32 = R_NEXON|Win32
		R_NX_IN_TS|Win32 = R_NX_IN_TS|Win32
		R_OPEN_TEST|Win32 = R_OPEN_TEST|Win32
		R_OT_INTS|Win32 = R_OT_INTS|Win32
		R_ROC|Win32 = R_ROC|Win32
		R_RUSSIA|Win32 = R_RUSSIA|Win32
		R_Vina|Win32 = R_Vina|Win32
		Release|Win32 = Release|Win32
	EndGlobalSection
	GlobalSection(ProjectConfigurationPlatforms) = postSolution
		{DBD6A712-8274-4719-8CE6-1D92C2CF4F2C}.Debug|Win32.ActiveCfg = Debug|Win32
		{DBD6A712-8274-4719-8CE6-1D92C2CF4F2C}.Debug|Win32.Build.0 = Debug|Win32
		{DBD6A712-8274-4719-8CE6-1D92C2CF4F2C}.R_ACCLAIM|Win32.ActiveCfg = Release|Win32
		{DBD6A712-8274-4719-8CE6-1D92C2CF4F2C}.R_ACCLAIM|Win32.Build.0 = Release|Win32
		{DBD6A712-8274-4719-8CE6-1D92C2CF4F2C}.R_METEL|Win32.ActiveCfg = Release|Win32
		{DBD6A712-8274-4719-8CE6-1D92C2CF4F2C}.R_METEL|Win32.Build.0 = Release|Win32
		{DBD6A712-8274-4719-8CE6-1D92C2CF4F2C}.R_NEXON|Win32.ActiveCfg = Release|Win32
		{DBD6A712-8274-4719-8CE6-1D92C2CF4F2C}.R_NEXON|Win32.Build.0 = Release|Win32
		{DBD6A712-8274-4719-8CE6-1D92C2CF4F2C}.R_NX_IN_TS|Win32.ActiveCfg = Release|Win32
		{DBD6A712-8274-4719-8CE6-1D92C2CF4F2C}.R_NX_IN_TS|Win32.Build.0 = Release|Win32
		{DBD6A712-8274-4719-8CE6-1D92C2CF4F2C}.R_NX_IN_TS|Win32.Deploy.0 = Release|Win32
		{DBD6A712-8274-4719-8CE6-1D92C2CF4F2C}.R_OPEN_TEST|Win32.ActiveCfg = Release|Win32
		{DBD6A712-8274-4719-8CE6-1D92C2CF4F2C}.R_OPEN_TEST|Win32.Build.0 = Release|Win32
		{DBD6A712-8274-4719-8CE6-1D92C2CF4F2C}.R_OT_INTS|Win32.ActiveCfg = Release|Win32
		{DBD6A712-8274-4719-8CE6-1D92C2CF4F2C}.R_OT_INTS|Win32.Build.0 = Release|Win32
		{DBD6A712-8274-4719-8CE6-1D92C2CF4F2C}.R_ROC|Win32.ActiveCfg = Release|Win32
		{DBD6A712-8274-4719-8CE6-1D92C2CF4F2C}.R_ROC|Win32.Build.0 = Release|Win32
		{DBD6A712-8274-4719-8CE6-1D92C2CF4F2C}.R_RUSSIA|Win32.ActiveCfg = Release|Win32
		{DBD6A712-8274-4719-8CE6-1D92C2CF4F2C}.R_RUSSIA|Win32.Build.0 = Release|Win32
		{DBD6A712-8274-4719-8CE6-1D92C2CF4F2C}.R_Vina|Win32.ActiveCfg = Release|Win32
		{DBD6A712-8274-4719-8CE6-1D92C2CF4F2C}.R_Vina|Win32.Build.0 = Release|Win32
		{DBD6A712-8274-4719-8CE6-1D92C2CF4F2C}.Release|Win32.ActiveCfg = Release|Win32
		{DBD6A712-8274-4719-8CE6-1D92C2CF4F2C}.Release|Win32.Build.0 = Release|Win32
	EndGlobalSection
	GlobalSection(SolutionProperties) = preSolution
		HideSolutionNode = FALSE
	EndGlobalSection
EndGlobal
